// !$*UTF8*$!
{
	archiveVersion = 1;
	classes = {
	};
	objectVersion = 55;
	objects = {

/* Begin PBXBuildFile section */
		AEAEE0B7290FC15D001368CA /* song2.mp3 in Resources */ = {isa = PBXBuildFile; fileRef = AEAEE0B4290FC15D001368CA /* song2.mp3 */; };
		AEAEE0B8290FC15D001368CA /* song1.mp3 in Resources */ = {isa = PBXBuildFile; fileRef = AEAEE0B5290FC15D001368CA /* song1.mp3 */; };
		AEAEE0B9290FC15D001368CA /* song3.mp3 in Resources */ = {isa = PBXBuildFile; fileRef = AEAEE0B6290FC15D001368CA /* song3.mp3 */; };
		AEAEE0BB290FCADC001368CA /* PlayerViewController.swift in Sources */ = {isa = PBXBuildFile; fileRef = AEAEE0BA290FCADC001368CA /* PlayerViewController.swift */; };
		AEEE7B6C290F8CD100D3C75E /* AppDelegate.swift in Sources */ = {isa = PBXBuildFile; fileRef = AEEE7B6B290F8CD100D3C75E /* AppDelegate.swift */; };
		AEEE7B6E290F8CD100D3C75E /* SceneDelegate.swift in Sources */ = {isa = PBXBuildFile; fileRef = AEEE7B6D290F8CD100D3C75E /* SceneDelegate.swift */; };
		AEEE7B70290F8CD100D3C75E /* ViewController.swift in Sources */ = {isa = PBXBuildFile; fileRef = AEEE7B6F290F8CD100D3C75E /* ViewController.swift */; };
		AEEE7B73290F8CD100D3C75E /* Main.storyboard in Resources */ = {isa = PBXBuildFile; fileRef = AEEE7B71290F8CD100D3C75E /* Main.storyboard */; };
		AEEE7B75290F8CD200D3C75E /* Assets.xcassets in Resources */ = {isa = PBXBuildFile; fileRef = AEEE7B74290F8CD200D3C75E /* Assets.xcassets */; };
		AEEE7B78290F8CD200D3C75E /* LaunchScreen.storyboard in Resources */ = {isa = PBXBuildFile; fileRef = AEEE7B76290F8CD200D3C75E /* LaunchScreen.storyboard */; };
		AEEE7B83290F8CD200D3C75E /* MusicPlayerTests.swift in Sources */ = {isa = PBXBuildFile; fileRef = AEEE7B82290F8CD200D3C75E /* MusicPlayerTests.swift */; };
		AEEE7B8D290F8CD200D3C75E /* MusicPlayerUITests.swift in Sources */ = {isa = PBXBuildFile; fileRef = AEEE7B8C290F8CD200D3C75E /* MusicPlayerUITests.swift */; };
		AEEE7B8F290F8CD200D3C75E /* MusicPlayerUITestsLaunchTests.swift in Sources */ = {isa = PBXBuildFile; fileRef = AEEE7B8E290F8CD200D3C75E /* MusicPlayerUITestsLaunchTests.swift */; };
/* End PBXBuildFile section */

/* Begin PBXContainerItemProxy section */
		AEEE7B7F290F8CD200D3C75E /* PBXContainerItemProxy */ = {
			isa = PBXContainerItemProxy;
			containerPortal = AEEE7B60290F8CD100D3C75E /* Project object */;
			proxyType = 1;
			remoteGlobalIDString = AEEE7B67290F8CD100D3C75E;
			remoteInfo = MusicPlayer;
		};
		AEEE7B89290F8CD200D3C75E /* PBXContainerItemProxy */ = {
			isa = PBXContainerItemProxy;
			containerPortal = AEEE7B60290F8CD100D3C75E /* Project object */;
			proxyType = 1;
			remoteGlobalIDString = AEEE7B67290F8CD100D3C75E;
			remoteInfo = MusicPlayer;
		};
/* End PBXContainerItemProxy section */

/* Begin PBXFileReference section */
		AEAEE0B4290FC15D001368CA /* song2.mp3 */ = {isa = PBXFileReference; lastKnownFileType = audio.mp3; path = song2.mp3; sourceTree = "<group>"; };
		AEAEE0B5290FC15D001368CA /* song1.mp3 */ = {isa = PBXFileReference; lastKnownFileType = audio.mp3; path = song1.mp3; sourceTree = "<group>"; };
		AEAEE0B6290FC15D001368CA /* song3.mp3 */ = {isa = PBXFileReference; lastKnownFileType = audio.mp3; path = song3.mp3; sourceTree = "<group>"; };
		AEAEE0BA290FCADC001368CA /* PlayerViewController.swift */ = {isa = PBXFileReference; lastKnownFileType = sourcecode.swift; path = PlayerViewController.swift; sourceTree = "<group>"; };
		AEEE7B68290F8CD100D3C75E /* MusicPlayer.app */ = {isa = PBXFileReference; explicitFileType = wrapper.application; includeInIndex = 0; path = MusicPlayer.app; sourceTree = BUILT_PRODUCTS_DIR; };
		AEEE7B6B290F8CD100D3C75E /* AppDelegate.swift */ = {isa = PBXFileReference; lastKnownFileType = sourcecode.swift; path = AppDelegate.swift; sourceTree = "<group>"; };
		AEEE7B6D290F8CD100D3C75E /* SceneDelegate.swift */ = {isa = PBXFileReference; lastKnownFileType = sourcecode.swift; path = SceneDelegate.swift; sourceTree = "<group>"; };
		AEEE7B6F290F8CD100D3C75E /* ViewController.swift */ = {isa = PBXFileReference; lastKnownFileType = sourcecode.swift; path = ViewController.swift; sourceTree = "<group>"; };
		AEEE7B72290F8CD100D3C75E /* Base */ = {isa = PBXFileReference; lastKnownFileType = file.storyboard; name = Base; path = Base.lproj/Main.storyboard; sourceTree = "<group>"; };
		AEEE7B74290F8CD200D3C75E /* Assets.xcassets */ = {isa = PBXFileReference; lastKnownFileType = folder.assetcatalog; path = Assets.xcassets; sourceTree = "<group>"; };
		AEEE7B77290F8CD200D3C75E /* Base */ = {isa = PBXFileReference; lastKnownFileType = file.storyboard; name = Base; path = Base.lproj/LaunchScreen.storyboard; sourceTree = "<group>"; };
		AEEE7B79290F8CD200D3C75E /* Info.plist */ = {isa = PBXFileReference; lastKnownFileType = text.plist.xml; path = Info.plist; sourceTree = "<group>"; };
		AEEE7B7E290F8CD200D3C75E /* MusicPlayerTests.xctest */ = {isa = PBXFileReference; explicitFileType = wrapper.cfbundle; includeInIndex = 0; path = MusicPlayerTests.xctest; sourceTree = BUILT_PRODUCTS_DIR; };
		AEEE7B82290F8CD200D3C75E /* MusicPlayerTests.swift */ = {isa = PBXFileReference; lastKnownFileType = sourcecode.swift; path = MusicPlayerTests.swift; sourceTree = "<group>"; };
		AEEE7B88290F8CD200D3C75E /* MusicPlayerUITests.xctest */ = {isa = PBXFileReference; explicitFileType = wrapper.cfbundle; includeInIndex = 0; path = MusicPlayerUITests.xctest; sourceTree = BUILT_PRODUCTS_DIR; };
		AEEE7B8C290F8CD200D3C75E /* MusicPlayerUITests.swift */ = {isa = PBXFileReference; lastKnownFileType = sourcecode.swift; path = MusicPlayerUITests.swift; sourceTree = "<group>"; };
		AEEE7B8E290F8CD200D3C75E /* MusicPlayerUITestsLaunchTests.swift */ = {isa = PBXFileReference; lastKnownFileType = sourcecode.swift; path = MusicPlayerUITestsLaunchTests.swift; sourceTree = "<group>"; };
/* End PBXFileReference section */

/* Begin PBXFrameworksBuildPhase section */
		AEEE7B65290F8CD100D3C75E /* Frameworks */ = {
			isa = PBXFrameworksBuildPhase;
			buildActionMask = 2147483647;
			files = (
			);
			runOnlyForDeploymentPostprocessing = 0;
		};
		AEEE7B7B290F8CD200D3C75E /* Frameworks */ = {
			isa = PBXFrameworksBuildPhase;
			buildActionMask = 2147483647;
			files = (
			);
			runOnlyForDeploymentPostprocessing = 0;
		};
		AEEE7B85290F8CD200D3C75E /* Frameworks */ = {
			isa = PBXFrameworksBuildPhase;
			buildActionMask = 2147483647;
			files = (
			);
			runOnlyForDeploymentPostprocessing = 0;
		};
/* End PBXFrameworksBuildPhase section */

/* Begin PBXGroup section */
		AEEE7B5F290F8CD100D3C75E = {
			isa = PBXGroup;
			children = (
				AEEE7B6A290F8CD100D3C75E /* MusicPlayer */,
				AEEE7B81290F8CD200D3C75E /* MusicPlayerTests */,
				AEEE7B8B290F8CD200D3C75E /* MusicPlayerUITests */,
				AEEE7B69290F8CD100D3C75E /* Products */,
			);
			sourceTree = "<group>";
		};
		AEEE7B69290F8CD100D3C75E /* Products */ = {
			isa = PBXGroup;
			children = (
				AEEE7B68290F8CD100D3C75E /* MusicPlayer.app */,
				AEEE7B7E290F8CD200D3C75E /* MusicPlayerTests.xctest */,
				AEEE7B88290F8CD200D3C75E /* MusicPlayerUITests.xctest */,
			);
			name = Products;
			sourceTree = "<group>";
		};
		AEEE7B6A290F8CD100D3C75E /* MusicPlayer */ = {
			isa = PBXGroup;
			children = (
				AEEE7B9B290F8EC100D3C75E /* Audio */,
				AEEE7B6B290F8CD100D3C75E /* AppDelegate.swift */,
				AEEE7B6D290F8CD100D3C75E /* SceneDelegate.swift */,
				AEEE7B6F290F8CD100D3C75E /* ViewController.swift */,
				AEAEE0BA290FCADC001368CA /* PlayerViewController.swift */,
				AEEE7B71290F8CD100D3C75E /* Main.storyboard */,
				AEEE7B74290F8CD200D3C75E /* Assets.xcassets */,
				AEEE7B76290F8CD200D3C75E /* LaunchScreen.storyboard */,
				AEEE7B79290F8CD200D3C75E /* Info.plist */,
			);
			path = MusicPlayer;
			sourceTree = "<group>";
		};
		AEEE7B81290F8CD200D3C75E /* MusicPlayerTests */ = {
			isa = PBXGroup;
			children = (
				AEEE7B82290F8CD200D3C75E /* MusicPlayerTests.swift */,
			);
			path = MusicPlayerTests;
			sourceTree = "<group>";
		};
		AEEE7B8B290F8CD200D3C75E /* MusicPlayerUITests */ = {
			isa = PBXGroup;
			children = (
				AEEE7B8C290F8CD200D3C75E /* MusicPlayerUITests.swift */,
				AEEE7B8E290F8CD200D3C75E /* MusicPlayerUITestsLaunchTests.swift */,
			);
			path = MusicPlayerUITests;
			sourceTree = "<group>";
		};
		AEEE7B9B290F8EC100D3C75E /* Audio */ = {
			isa = PBXGroup;
			children = (
				AEAEE0B5290FC15D001368CA /* song1.mp3 */,
				AEAEE0B4290FC15D001368CA /* song2.mp3 */,
				AEAEE0B6290FC15D001368CA /* song3.mp3 */,
			);
			path = Audio;
			sourceTree = "<group>";
		};
/* End PBXGroup section */

/* Begin PBXNativeTarget section */
		AEEE7B67290F8CD100D3C75E /* MusicPlayer */ = {
			isa = PBXNativeTarget;
			buildConfigurationList = AEEE7B92290F8CD200D3C75E /* Build configuration list for PBXNativeTarget "MusicPlayer" */;
			buildPhases = (
				AEEE7B64290F8CD100D3C75E /* Sources */,
				AEEE7B65290F8CD100D3C75E /* Frameworks */,
				AEEE7B66290F8CD100D3C75E /* Resources */,
			);
			buildRules = (
			);
			dependencies = (
			);
			name = MusicPlayer;
			productName = MusicPlayer;
			productReference = AEEE7B68290F8CD100D3C75E /* MusicPlayer.app */;
			productType = "com.apple.product-type.application";
		};
		AEEE7B7D290F8CD200D3C75E /* MusicPlayerTests */ = {
			isa = PBXNativeTarget;
			buildConfigurationList = AEEE7B95290F8CD200D3C75E /* Build configuration list for PBXNativeTarget "MusicPlayerTests" */;
			buildPhases = (
				AEEE7B7A290F8CD200D3C75E /* Sources */,
				AEEE7B7B290F8CD200D3C75E /* Frameworks */,
				AEEE7B7C290F8CD200D3C75E /* Resources */,
			);
			buildRules = (
			);
			dependencies = (
				AEEE7B80290F8CD200D3C75E /* PBXTargetDependency */,
			);
			name = MusicPlayerTests;
			productName = MusicPlayerTests;
			productReference = AEEE7B7E290F8CD200D3C75E /* MusicPlayerTests.xctest */;
			productType = "com.apple.product-type.bundle.unit-test";
		};
		AEEE7B87290F8CD200D3C75E /* MusicPlayerUITests */ = {
			isa = PBXNativeTarget;
			buildConfigurationList = AEEE7B98290F8CD200D3C75E /* Build configuration list for PBXNativeTarget "MusicPlayerUITests" */;
			buildPhases = (
				AEEE7B84290F8CD200D3C75E /* Sources */,
				AEEE7B85290F8CD200D3C75E /* Frameworks */,
				AEEE7B86290F8CD200D3C75E /* Resources */,
			);
			buildRules = (
			);
			dependencies = (
				AEEE7B8A290F8CD200D3C75E /* PBXTargetDependency */,
			);
			name = MusicPlayerUITests;
			productName = MusicPlayerUITests;
			productReference = AEEE7B88290F8CD200D3C75E /* MusicPlayerUITests.xctest */;
			productType = "com.apple.product-type.bundle.ui-testing";
		};
/* End PBXNativeTarget section */

/* Begin PBXProject section */
		AEEE7B60290F8CD100D3C75E /* Project object */ = {
			isa = PBXProject;
			attributes = {
				BuildIndependentTargetsInParallel = 1;
				LastSwiftUpdateCheck = 1310;
				LastUpgradeCheck = 1310;
				TargetAttributes = {
					AEEE7B67290F8CD100D3C75E = {
						CreatedOnToolsVersion = 13.1;
					};
					AEEE7B7D290F8CD200D3C75E = {
						CreatedOnToolsVersion = 13.1;
						TestTargetID = AEEE7B67290F8CD100D3C75E;
					};
					AEEE7B87290F8CD200D3C75E = {
						CreatedOnToolsVersion = 13.1;
						TestTargetID = AEEE7B67290F8CD100D3C75E;
					};
				};
			};
			buildConfigurationList = AEEE7B63290F8CD100D3C75E /* Build configuration list for PBXProject "MusicPlayer" */;
			compatibilityVersion = "Xcode 13.0";
			developmentRegion = en;
			hasScannedForEncodings = 0;
			knownRegions = (
				en,
				Base,
			);
			mainGroup = AEEE7B5F290F8CD100D3C75E;
			productRefGroup = AEEE7B69290F8CD100D3C75E /* Products */;
			projectDirPath = "";
			projectRoot = "";
			targets = (
				AEEE7B67290F8CD100D3C75E /* MusicPlayer */,
				AEEE7B7D290F8CD200D3C75E /* MusicPlayerTests */,
				AEEE7B87290F8CD200D3C75E /* MusicPlayerUITests */,
			);
		};
/* End PBXProject section */

/* Begin PBXResourcesBuildPhase section */
		AEEE7B66290F8CD100D3C75E /* Resources */ = {
			isa = PBXResourcesBuildPhase;
			buildActionMask = 2147483647;
			files = (
				AEAEE0B7290FC15D001368CA /* song2.mp3 in Resources */,
				AEAEE0B8290FC15D001368CA /* song1.mp3 in Resources */,
				AEAEE0B9290FC15D001368CA /* song3.mp3 in Resources */,
				AEEE7B78290F8CD200D3C75E /* LaunchScreen.storyboard in Resources */,
				AEEE7B75290F8CD200D3C75E /* Assets.xcassets in Resources */,
				AEEE7B73290F8CD100D3C75E /* Main.storyboard in Resources */,
			);
			runOnlyForDeploymentPostprocessing = 0;
		};
		AEEE7B7C290F8CD200D3C75E /* Resources */ = {
			isa = PBXResourcesBuildPhase;
			buildActionMask = 2147483647;
			files = (
			);
			runOnlyForDeploymentPostprocessing = 0;
		};
		AEEE7B86290F8CD200D3C75E /* Resources */ = {
			isa = PBXResourcesBuildPhase;
			buildActionMask = 2147483647;
			files = (
			);
			runOnlyForDeploymentPostprocessing = 0;
		};
/* End PBXResourcesBuildPhase section */

/* Begin PBXSourcesBuildPhase section */
		AEEE7B64290F8CD100D3C75E /* Sources */ = {
			isa = PBXSourcesBuildPhase;
			buildActionMask = 2147483647;
			files = (
				AEEE7B70290F8CD100D3C75E /* ViewController.swift in Sources */,
				AEAEE0BB290FCADC001368CA /* PlayerViewController.swift in Sources */,
				AEEE7B6C290F8CD100D3C75E /* AppDelegate.swift in Sources */,
				AEEE7B6E290F8CD100D3C75E /* SceneDelegate.swift in Sources */,
			);
			runOnlyForDeploymentPostprocessing = 0;
		};
		AEEE7B7A290F8CD200D3C75E /* Sources */ = {
			isa = PBXSourcesBuildPhase;
			buildActionMask = 2147483647;
			files = (
				AEEE7B83290F8CD200D3C75E /* MusicPlayerTests.swift in Sources */,
			);
			runOnlyForDeploymentPostprocessing = 0;
		};
		AEEE7B84290F8CD200D3C75E /* Sources */ = {
			isa = PBXSourcesBuildPhase;
			buildActionMask = 2147483647;
			files = (
				AEEE7B8D290F8CD200D3C75E /* MusicPlayerUITests.swift in Sources */,
				AEEE7B8F290F8CD200D3C75E /* MusicPlayerUITestsLaunchTests.swift in Sources */,
			);
			runOnlyForDeploymentPostprocessing = 0;
		};
/* End PBXSourcesBuildPhase section */

/* Begin PBXTargetDependency section */
		AEEE7B80290F8CD200D3C75E /* PBXTargetDependency */ = {
			isa = PBXTargetDependency;
			target = AEEE7B67290F8CD100D3C75E /* MusicPlayer */;
			targetProxy = AEEE7B7F290F8CD200D3C75E /* PBXContainerItemProxy */;
		};
		AEEE7B8A290F8CD200D3C75E /* PBXTargetDependency */ = {
			isa = PBXTargetDependency;
			target = AEEE7B67290F8CD100D3C75E /* MusicPlayer */;
			targetProxy = AEEE7B89290F8CD200D3C75E /* PBXContainerItemProxy */;
		};
/* End PBXTargetDependency section */

/* Begin PBXVariantGroup section */
		AEEE7B71290F8CD100D3C75E /* Main.storyboard */ = {
			isa = PBXVariantGroup;
			children = (
				AEEE7B72290F8CD100D3C75E /* Base */,
			);
			name = Main.storyboard;
			sourceTree = "<group>";
		};
		AEEE7B76290F8CD200D3C75E /* LaunchScreen.storyboard */ = {
			isa = PBXVariantGroup;
			children = (
				AEEE7B77290F8CD200D3C75E /* Base */,
			);
			name = LaunchScreen.storyboard;
			sourceTree = "<group>";
		};
/* End PBXVariantGroup section */

/* Begin XCBuildConfiguration section */
		AEEE7B90290F8CD200D3C75E /* Debug */ = {
			isa = XCBuildConfiguration;
			buildSettings = {
				ALWAYS_SEARCH_USER_PATHS = NO;
				CLANG_ANALYZER_NONNULL = YES;
				CLANG_ANALYZER_NUMBER_OBJECT_CONVERSION = YES_AGGRESSIVE;
				CLANG_CXX_LANGUAGE_STANDARD = "gnu++17";
				CLANG_CXX_LIBRARY = "libc++";
				CLANG_ENABLE_MODULES = YES;
				CLANG_ENABLE_OBJC_ARC = YES;
				CLANG_ENABLE_OBJC_WEAK = YES;
				CLANG_WARN_BLOCK_CAPTURE_AUTORELEASING = YES;
				CLANG_WARN_BOOL_CONVERSION = YES;
				CLANG_WARN_COMMA = YES;
				CLANG_WARN_CONSTANT_CONVERSION = YES;
				CLANG_WARN_DEPRECATED_OBJC_IMPLEMENTATIONS = YES;
				CLANG_WARN_DIRECT_OBJC_ISA_USAGE = YES_ERROR;
				CLANG_WARN_DOCUMENTATION_COMMENTS = YES;
				CLANG_WARN_EMPTY_BODY = YES;
				CLANG_WARN_ENUM_CONVERSION = YES;
				CLANG_WARN_INFINITE_RECURSION = YES;
				CLANG_WARN_INT_CONVERSION = YES;
				CLANG_WARN_NON_LITERAL_NULL_CONVERSION = YES;
				CLANG_WARN_OBJC_IMPLICIT_RETAIN_SELF = YES;
				CLANG_WARN_OBJC_LITERAL_CONVERSION = YES;
				CLANG_WARN_OBJC_ROOT_CLASS = YES_ERROR;
				CLANG_WARN_QUOTED_INCLUDE_IN_FRAMEWORK_HEADER = YES;
				CLANG_WARN_RANGE_LOOP_ANALYSIS = YES;
				CLANG_WARN_STRICT_PROTOTYPES = YES;
				CLANG_WARN_SUSPICIOUS_MOVE = YES;
				CLANG_WARN_UNGUARDED_AVAILABILITY = YES_AGGRESSIVE;
				CLANG_WARN_UNREACHABLE_CODE = YES;
				CLANG_WARN__DUPLICATE_METHOD_MATCH = YES;
				COPY_PHASE_STRIP = NO;
				DEBUG_INFORMATION_FORMAT = dwarf;
				ENABLE_STRICT_OBJC_MSGSEND = YES;
				ENABLE_TESTABILITY = YES;
				GCC_C_LANGUAGE_STANDARD = gnu11;
				GCC_DYNAMIC_NO_PIC = NO;
				GCC_NO_COMMON_BLOCKS = YES;
				GCC_OPTIMIZATION_LEVEL = 0;
				GCC_PREPROCESSOR_DEFINITIONS = (
					"DEBUG=1",
					"$(inherited)",
				);
				GCC_WARN_64_TO_32_BIT_CONVERSION = YES;
				GCC_WARN_ABOUT_RETURN_TYPE = YES_ERROR;
				GCC_WARN_UNDECLARED_SELECTOR = YES;
				GCC_WARN_UNINITIALIZED_AUTOS = YES_AGGRESSIVE;
				GCC_WARN_UNUSED_FUNCTION = YES;
				GCC_WARN_UNUSED_VARIABLE = YES;
				IPHONEOS_DEPLOYMENT_TARGET = 15.0;
				MTL_ENABLE_DEBUG_INFO = INCLUDE_SOURCE;
				MTL_FAST_MATH = YES;
				ONLY_ACTIVE_ARCH = YES;
				SDKROOT = iphoneos;
				SWIFT_ACTIVE_COMPILATION_CONDITIONS = DEBUG;
				SWIFT_OPTIMIZATION_LEVEL = "-Onone";
			};
			name = Debug;
		};
		AEEE7B91290F8CD200D3C75E /* Release */ = {
			isa = XCBuildConfiguration;
			buildSettings = {
				ALWAYS_SEARCH_USER_PATHS = NO;
				CLANG_ANALYZER_NONNULL = YES;
				CLANG_ANALYZER_NUMBER_OBJECT_CONVERSION = YES_AGGRESSIVE;
				CLANG_CXX_LANGUAGE_STANDARD = "gnu++17";
				CLANG_CXX_LIBRARY = "libc++";
				CLANG_ENABLE_MODULES = YES;
				CLANG_ENABLE_OBJC_ARC = YES;
				CLANG_ENABLE_OBJC_WEAK = YES;
				CLANG_WARN_BLOCK_CAPTURE_AUTORELEASING = YES;
				CLANG_WARN_BOOL_CONVERSION = YES;
				CLANG_WARN_COMMA = YES;
				CLANG_WARN_CONSTANT_CONVERSION = YES;
				CLANG_WARN_DEPRECATED_OBJC_IMPLEMENTATIONS = YES;
				CLANG_WARN_DIRECT_OBJC_ISA_USAGE = YES_ERROR;
				CLANG_WARN_DOCUMENTATION_COMMENTS = YES;
				CLANG_WARN_EMPTY_BODY = YES;
				CLANG_WARN_ENUM_CONVERSION = YES;
				CLANG_WARN_INFINITE_RECURSION = YES;
				CLANG_WARN_INT_CONVERSION = YES;
				CLANG_WARN_NON_LITERAL_NULL_CONVERSION = YES;
				CLANG_WARN_OBJC_IMPLICIT_RETAIN_SELF = YES;
				CLANG_WARN_OBJC_LITERAL_CONVERSION = YES;
				CLANG_WARN_OBJC_ROOT_CLASS = YES_ERROR;
				CLANG_WARN_QUOTED_INCLUDE_IN_FRAMEWORK_HEADER = YES;
				CLANG_WARN_RANGE_LOOP_ANALYSIS = YES;
				CLANG_WARN_STRICT_PROTOTYPES = YES;
				CLANG_WARN_SUSPICIOUS_MOVE = YES;
				CLANG_WARN_UNGUARDED_AVAILABILITY = YES_AGGRESSIVE;
				CLANG_WARN_UNREACHABLE_CODE = YES;
				CLANG_WARN__DUPLICATE_METHOD_MATCH = YES;
				COPY_PHASE_STRIP = NO;
				DEBUG_INFORMATION_FORMAT = "dwarf-with-dsym";
				ENABLE_NS_ASSERTIONS = NO;
				ENABLE_STRICT_OBJC_MSGSEND = YES;
				GCC_C_LANGUAGE_STANDARD = gnu11;
				GCC_NO_COMMON_BLOCKS = YES;
				GCC_WARN_64_TO_32_BIT_CONVERSION = YES;
				GCC_WARN_ABOUT_RETURN_TYPE = YES_ERROR;
				GCC_WARN_UNDECLARED_SELECTOR = YES;
				GCC_WARN_UNINITIALIZED_AUTOS = YES_AGGRESSIVE;
				GCC_WARN_UNUSED_FUNCTION = YES;
				GCC_WARN_UNUSED_VARIABLE = YES;
				IPHONEOS_DEPLOYMENT_TARGET = 15.0;
				MTL_ENABLE_DEBUG_INFO = NO;
				MTL_FAST_MATH = YES;
				SDKROOT = iphoneos;
				SWIFT_COMPILATION_MODE = wholemodule;
				SWIFT_OPTIMIZATION_LEVEL = "-O";
				VALIDATE_PRODUCT = YES;
			};
			name = Release;
		};
		AEEE7B93290F8CD200D3C75E /* Debug */ = {
			isa = XCBuildConfiguration;
			buildSettings = {
				ASSETCATALOG_COMPILER_APPICON_NAME = AppIcon;
				ASSETCATALOG_COMPILER_GLOBAL_ACCENT_COLOR_NAME = AccentColor;
				CODE_SIGN_STYLE = Automatic;
				CURRENT_PROJECT_VERSION = 1;
				GENERATE_INFOPLIST_FILE = YES;
				INFOPLIST_FILE = MusicPlayer/Info.plist;
				INFOPLIST_KEY_UIApplicationSupportsIndirectInputEvents = YES;
				INFOPLIST_KEY_UILaunchStoryboardName = LaunchScreen;
				INFOPLIST_KEY_UIMainStoryboardFile = Main;
				INFOPLIST_KEY_UISupportedInterfaceOrientations_iPad = "UIInterfaceOrientationPortrait UIInterfaceOrientationPortraitUpsideDown UIInterfaceOrientationLandscapeLeft UIInterfaceOrientationLandscapeRight";
				INFOPLIST_KEY_UISupportedInterfaceOrientations_iPhone = "UIInterfaceOrientationPortrait UIInterfaceOrientationLandscapeLeft UIInterfaceOrientationLandscapeRight";
				LD_RUNPATH_SEARCH_PATHS = (
					"$(inherited)",
					"@executable_path/Frameworks",
				);
				MARKETING_VERSION = 1.0;
				PRODUCT_BUNDLE_IDENTIFIER = com.ddukk.MusicPlayer;
				PRODUCT_NAME = "$(TARGET_NAME)";
				SWIFT_EMIT_LOC_STRINGS = YES;
				SWIFT_VERSION = 5.0;
				TARGETED_DEVICE_FAMILY = "1,2";
			};
			name = Debug;
		};
		AEEE7B94290F8CD200D3C75E /* Release */ = {
			isa = XCBuildConfiguration;
			buildSettings = {
				ASSETCATALOG_COMPILER_APPICON_NAME = AppIcon;
				ASSETCATALOG_COMPILER_GLOBAL_ACCENT_COLOR_NAME = AccentColor;
				CODE_SIGN_STYLE = Automatic;
				CURRENT_PROJECT_VERSION = 1;
				GENERATE_INFOPLIST_FILE = YES;
				INFOPLIST_FILE = MusicPlayer/Info.plist;
				INFOPLIST_KEY_UIApplicationSupportsIndirectInputEvents = YES;
				INFOPLIST_KEY_UILaunchStoryboardName = LaunchScreen;
				INFOPLIST_KEY_UIMainStoryboardFile = Main;
				INFOPLIST_KEY_UISupportedInterfaceOrientations_iPad = "UIInterfaceOrientationPortrait UIInterfaceOrientationPortraitUpsideDown UIInterfaceOrientationLandscapeLeft UIInterfaceOrientationLandscapeRight";
				INFOPLIST_KEY_UISupportedInterfaceOrientations_iPhone = "UIInterfaceOrientationPortrait UIInterfaceOrientationLandscapeLeft UIInterfaceOrientationLandscapeRight";
				LD_RUNPATH_SEARCH_PATHS = (
					"$(inherited)",
					"@executable_path/Frameworks",
				);
				MARKETING_VERSION = 1.0;
				PRODUCT_BUNDLE_IDENTIFIER = com.ddukk.MusicPlayer;
				PRODUCT_NAME = "$(TARGET_NAME)";
				SWIFT_EMIT_LOC_STRINGS = YES;
				SWIFT_VERSION = 5.0;
				TARGETED_DEVICE_FAMILY = "1,2";
			};
			name = Release;
		};
		AEEE7B96290F8CD200D3C75E /* Debug */ = {
			isa = XCBuildConfiguration;
			buildSettings = {
				ALWAYS_EMBED_SWIFT_STANDARD_LIBRARIES = YES;
				BUNDLE_LOADER = "$(TEST_HOST)";
				CODE_SIGN_STYLE = Automatic;
				CURRENT_PROJECT_VERSION = 1;
				GENERATE_INFOPLIST_FILE = YES;
				IPHONEOS_DEPLOYMENT_TARGET = 15.0;
				LD_RUNPATH_SEARCH_PATHS = (
					"$(inherited)",
					"@executable_path/Frameworks",
					"@loader_path/Frameworks",
				);
				MARKETING_VERSION = 1.0;
				PRODUCT_BUNDLE_IDENTIFIER = com.ddukk.MusicPlayerTests;
				PRODUCT_NAME = "$(TARGET_NAME)";
				SWIFT_EMIT_LOC_STRINGS = NO;
				SWIFT_VERSION = 5.0;
				TARGETED_DEVICE_FAMILY = "1,2";
				TEST_HOST = "$(BUILT_PRODUCTS_DIR)/MusicPlayer.app/MusicPlayer";
			};
			name = Debug;
		};
		AEEE7B97290F8CD200D3C75E /* Release */ = {
			isa = XCBuildConfiguration;
			buildSettings = {
				ALWAYS_EMBED_SWIFT_STANDARD_LIBRARIES = YES;
				BUNDLE_LOADER = "$(TEST_HOST)";
				CODE_SIGN_STYLE = Automatic;
				CURRENT_PROJECT_VERSION = 1;
				GENERATE_INFOPLIST_FILE = YES;
				IPHONEOS_DEPLOYMENT_TARGET = 15.0;
				LD_RUNPATH_SEARCH_PATHS = (
					"$(inherited)",
					"@executable_path/Frameworks",
					"@loader_path/Frameworks",
				);
				MARKETING_VERSION = 1.0;
				PRODUCT_BUNDLE_IDENTIFIER = com.ddukk.MusicPlayerTests;
				PRODUCT_NAME = "$(TARGET_NAME)";
				SWIFT_EMIT_LOC_STRINGS = NO;
				SWIFT_VERSION = 5.0;
				TARGETED_DEVICE_FAMILY = "1,2";
				TEST_HOST = "$(BUILT_PRODUCTS_DIR)/MusicPlayer.app/MusicPlayer";
			};
			name = Release;
		};
		AEEE7B99290F8CD200D3C75E /* Debug */ = {
			isa = XCBuildConfiguration;
			buildSettings = {
				ALWAYS_EMBED_SWIFT_STANDARD_LIBRARIES = YES;
				CODE_SIGN_STYLE = Automatic;
				CURRENT_PROJECT_VERSION = 1;
				GENERATE_INFOPLIST_FILE = YES;
				LD_RUNPATH_SEARCH_PATHS = (
					"$(inherited)",
					"@executable_path/Frameworks",
					"@loader_path/Frameworks",
				);
				MARKETING_VERSION = 1.0;
				PRODUCT_BUNDLE_IDENTIFIER = com.ddukk.MusicPlayerUITests;
				PRODUCT_NAME = "$(TARGET_NAME)";
				SWIFT_EMIT_LOC_STRINGS = NO;
				SWIFT_VERSION = 5.0;
				TARGETED_DEVICE_FAMILY = "1,2";
				TEST_TARGET_NAME = MusicPlayer;
			};
			name = Debug;
		};
		AEEE7B9A290F8CD200D3C75E /* Release */ = {
			isa = XCBuildConfiguration;
			buildSettings = {
				ALWAYS_EMBED_SWIFT_STANDARD_LIBRARIES = YES;
				CODE_SIGN_STYLE = Automatic;
				CURRENT_PROJECT_VERSION = 1;
				GENERATE_INFOPLIST_FILE = YES;
				LD_RUNPATH_SEARCH_PATHS = (
					"$(inherited)",
					"@executable_path/Frameworks",
					"@loader_path/Frameworks",
				);
				MARKETING_VERSION = 1.0;
				PRODUCT_BUNDLE_IDENTIFIER = com.ddukk.MusicPlayerUITests;
				PRODUCT_NAME = "$(TARGET_NAME)";
				SWIFT_EMIT_LOC_STRINGS = NO;
				SWIFT_VERSION = 5.0;
				TARGETED_DEVICE_FAMILY = "1,2";
				TEST_TARGET_NAME = MusicPlayer;
			};
			name = Release;
		};
/* End XCBuildConfiguration section */

/* Begin XCConfigurationList section */
		AEEE7B63290F8CD100D3C75E /* Build configuration list for PBXProject "MusicPlayer" */ = {
			isa = XCConfigurationList;
			buildConfigurations = (
				AEEE7B90290F8CD200D3C75E /* Debug */,
				AEEE7B91290F8CD200D3C75E /* Release */,
			);
			defaultConfigurationIsVisible = 0;
			defaultConfigurationName = Release;
		};
		AEEE7B92290F8CD200D3C75E /* Build configuration list for PBXNativeTarget "MusicPlayer" */ = {
			isa = XCConfigurationList;
			buildConfigurations = (
				AEEE7B93290F8CD200D3C75E /* Debug */,
				AEEE7B94290F8CD200D3C75E /* Release */,
			);
			defaultConfigurationIsVisible = 0;
			defaultConfigurationName = Release;
		};
		AEEE7B95290F8CD200D3C75E /* Build configuration list for PBXNativeTarget "MusicPlayerTests" */ = {
			isa = XCConfigurationList;
			buildConfigurations = (
				AEEE7B96290F8CD200D3C75E /* Debug */,
				AEEE7B97290F8CD200D3C75E /* Release */,
			);
			defaultConfigurationIsVisible = 0;
			defaultConfigurationName = Release;
		};
		AEEE7B98290F8CD200D3C75E /* Build configuration list for PBXNativeTarget "MusicPlayerUITests" */ = {
			isa = XCConfigurationList;
			buildConfigurations = (
				AEEE7B99290F8CD200D3C75E /* Debug */,
				AEEE7B9A290F8CD200D3C75E /* Release */,
			);
			defaultConfigurationIsVisible = 0;
			defaultConfigurationName = Release;
		};
/* End XCConfigurationList section */
	};
	rootObject = AEEE7B60290F8CD100D3C75E /* Project object */;
}
